{
  "version": 4,
  "terraform_version": "1.5.2",
  "serial": 15,
  "lineage": "2776fc1c-8a4a-4b44-f519-a94aacf68b87",
  "outputs": {},
  "resources": [
    {
      "mode": "managed",
      "type": "porkbun_dns_record",
      "name": "cnames",
      "provider": "provider[\"registry.terraform.io/cullenmcdermott/porkbun\"]",
      "instances": [
        {
          "index_key": 0,
          "schema_version": 0,
          "attributes": {
            "content": "copincha.org.",
            "domain": "copincha.org",
            "id": "337390889",
            "name": "arts",
            "notes": null,
            "prio": null,
            "ttl": null,
            "type": "CNAME"
          },
          "sensitive_attributes": []
        },
        {
          "index_key": 1,
          "schema_version": 0,
          "attributes": {
            "content": "copincha.org.",
            "domain": "copincha.org",
            "id": "337390827",
            "name": "blog",
            "notes": null,
            "prio": null,
            "ttl": null,
            "type": "CNAME"
          },
          "sensitive_attributes": []
        },
        {
          "index_key": 2,
          "schema_version": 0,
          "attributes": {
            "content": "copincha.org.",
            "domain": "copincha.org",
            "id": "337390824",
            "name": "copinchapedia",
            "notes": null,
            "prio": null,
            "ttl": null,
            "type": "CNAME"
          },
          "sensitive_attributes": []
        },
        {
          "index_key": 3,
          "schema_version": 0,
          "attributes": {
            "content": "copincha.org.",
            "domain": "copincha.org",
            "id": "337390890",
            "name": "docs",
            "notes": null,
            "prio": null,
            "ttl": null,
            "type": "CNAME"
          },
          "sensitive_attributes": []
        },
        {
          "index_key": 4,
          "schema_version": 0,
          "attributes": {
            "content": "copincha.org.",
            "domain": "copincha.org",
            "id": "337390825",
            "name": "fossil",
            "notes": null,
            "prio": null,
            "ttl": null,
            "type": "CNAME"
          },
          "sensitive_attributes": []
        },
        {
          "index_key": 5,
          "schema_version": 0,
          "attributes": {
            "content": "copincha.org.",
            "domain": "copincha.org",
            "id": "337390823",
            "name": "git",
            "notes": null,
            "prio": null,
            "ttl": null,
            "type": "CNAME"
          },
          "sensitive_attributes": []
        },
        {
          "index_key": 6,
          "schema_version": 0,
          "attributes": {
            "content": "copincha.org.",
            "domain": "copincha.org",
            "id": "337390844",
            "name": "m00",
            "notes": null,
            "prio": null,
            "ttl": null,
            "type": "CNAME"
          },
          "sensitive_attributes": []
        },
        {
          "index_key": 7,
          "schema_version": 0,
          "attributes": {
            "content": "copincha.org.",
            "domain": "copincha.org",
            "id": "337390828",
            "name": "pph",
            "notes": null,
            "prio": null,
            "ttl": null,
            "type": "CNAME"
          },
          "sensitive_attributes": []
        },
        {
          "index_key": 8,
          "schema_version": 0,
          "attributes": {
            "content": "copincha.org.",
            "domain": "copincha.org",
            "id": "337390831",
            "name": "repos",
            "notes": null,
            "prio": null,
            "ttl": null,
            "type": "CNAME"
          },
          "sensitive_attributes": []
        },
        {
          "index_key": 9,
          "schema_version": 0,
          "attributes": {
            "content": "copincha.org.",
            "domain": "copincha.org",
            "id": "337390892",
            "name": "wiki",
            "notes": null,
            "prio": null,
            "ttl": null,
            "type": "CNAME"
          },
          "sensitive_attributes": []
        }
      ]
    },
    {
      "mode": "managed",
      "type": "porkbun_dns_record",
      "name": "main_record",
      "provider": "provider[\"registry.terraform.io/cullenmcdermott/porkbun\"]",
      "instances": [
        {
          "schema_version": 0,
          "attributes": {
            "content": "37.218.242.73",
            "domain": "copincha.org",
            "id": "337390891",
            "name": "",
            "notes": null,
            "prio": null,
            "ttl": null,
            "type": "A"
          },
          "sensitive_attributes": []
        }
      ]
    }
  ],
  "check_results": null
}
