{
  "version": 4,
  "terraform_version": "1.12.1",
  "serial": 160,
  "lineage": "2776fc1c-8a4a-4b44-f519-a94aacf68b87",
  "outputs": {},
  "resources": [
    {
      "mode": "managed",
      "type": "porkbun_dns_record",
      "name": "cnames",
      "provider": "provider[\"registry.terraform.io/cullenmcdermott/porkbun\"]",
      "instances": [
        {
          "index_key": "fossil",
          "schema_version": 0,
          "attributes": {
            "content": "copincha.org.",
            "domain": "copincha.org",
            "id": "475488905",
            "name": "fossil",
            "notes": null,
            "prio": "0",
            "ttl": "600",
            "type": "CNAME"
          },
          "sensitive_attributes": [],
          "identity_schema_version": 0
        },
        {
          "index_key": "repos",
          "schema_version": 0,
          "attributes": {
            "content": "copincha.org.",
            "domain": "copincha.org",
            "id": "475488890",
            "name": "repos",
            "notes": null,
            "prio": "0",
            "ttl": "600",
            "type": "CNAME"
          },
          "sensitive_attributes": [],
          "identity_schema_version": 0
        }
      ]
    },
    {
      "mode": "managed",
      "type": "porkbun_dns_record",
      "name": "cnames_hh",
      "provider": "provider[\"registry.terraform.io/cullenmcdermott/porkbun\"]",
      "instances": [
        {
          "index_key": "3d-a-lo-cubano",
          "schema_version": 0,
          "attributes": {
            "content": "hh.akiel.dev.",
            "domain": "copincha.org",
            "id": "475488902",
            "name": "3d-a-lo-cubano",
            "notes": null,
            "prio": "0",
            "ttl": "600",
            "type": "CNAME"
          },
          "sensitive_attributes": [],
          "identity_schema_version": 0
        },
        {
          "index_key": "arts",
          "schema_version": 0,
          "attributes": {
            "content": "hh.akiel.dev.",
            "domain": "copincha.org",
            "id": "475488892",
            "name": "arts",
            "notes": null,
            "prio": "0",
            "ttl": "600",
            "type": "CNAME"
          },
          "sensitive_attributes": [],
          "identity_schema_version": 0
        },
        {
          "index_key": "copincha.org",
          "status": "tainted",
          "schema_version": 0,
          "attributes": {
            "content": "hh.akiel.dev.",
            "domain": "copincha.org",
            "id": "0",
            "name": "",
            "notes": null,
            "prio": "0",
            "ttl": "600",
            "type": "CNAME"
          },
          "sensitive_attributes": [],
          "identity_schema_version": 0
        },
        {
          "index_key": "docs",
          "schema_version": 0,
          "attributes": {
            "content": "hh.akiel.dev.",
            "domain": "copincha.org",
            "id": "475488909",
            "name": "docs",
            "notes": null,
            "prio": "0",
            "ttl": "600",
            "type": "CNAME"
          },
          "sensitive_attributes": [],
          "identity_schema_version": 0
        },
        {
          "index_key": "git",
          "schema_version": 0,
          "attributes": {
            "content": "hh.akiel.dev.",
            "domain": "copincha.org",
            "id": "475488898",
            "name": "git",
            "notes": null,
            "prio": "0",
            "ttl": "600",
            "type": "CNAME"
          },
          "sensitive_attributes": [],
          "identity_schema_version": 0
        },
        {
          "index_key": "m00",
          "schema_version": 0,
          "attributes": {
            "content": "hh.akiel.dev.",
            "domain": "copincha.org",
            "id": "475488896",
            "name": "m00",
            "notes": null,
            "prio": "0",
            "ttl": "600",
            "type": "CNAME"
          },
          "sensitive_attributes": [],
          "identity_schema_version": 0
        },
        {
          "index_key": "pph",
          "schema_version": 0,
          "attributes": {
            "content": "hh.akiel.dev.",
            "domain": "copincha.org",
            "id": "475488907",
            "name": "pph",
            "notes": null,
            "prio": "0",
            "ttl": "600",
            "type": "CNAME"
          },
          "sensitive_attributes": [],
          "identity_schema_version": 0
        },
        {
          "index_key": "wiki",
          "schema_version": 0,
          "attributes": {
            "content": "hh.akiel.dev.",
            "domain": "copincha.org",
            "id": "475488893",
            "name": "wiki",
            "notes": null,
            "prio": "0",
            "ttl": "600",
            "type": "CNAME"
          },
          "sensitive_attributes": [],
          "identity_schema_version": 0
        }
      ]
    },
    {
      "mode": "managed",
      "type": "porkbun_dns_record",
      "name": "main_record",
      "provider": "provider[\"registry.terraform.io/cullenmcdermott/porkbun\"]",
      "instances": [
        {
          "status": "tainted",
          "schema_version": 0,
          "attributes": {
            "content": "37.218.242.73",
            "domain": "old.copincha.org",
            "id": "0",
            "name": "",
            "notes": null,
            "prio": "0",
            "ttl": "600",
            "type": "A"
          },
          "sensitive_attributes": [],
          "identity_schema_version": 0
        }
      ]
    }
  ],
  "check_results": null
}
